{
  "name": "running",
  "lockfileVersion": 2,
  "requires": true,
  "packages": {
    "": {
      "dependencies": {
        "ar-poncho": "^2.0.4"
      }
    },
    "node_modules/ar-poncho": {
      "version": "2.0.4",
      "resolved": "https://registry.npmjs.org/ar-poncho/-/ar-poncho-2.0.4.tgz",
      "integrity": "sha512-dOD43tgLSwgsKTij+yLwrwSCDW7TK/mXXsElNAdUG/Xr5uRqW0ie0HVcbTpaf3kDiqRxQPFTF9n0Ee3MMS0oHQ=="
    }
  },
  "dependencies": {
    "ar-poncho": {
      "version": "2.0.4",
      "resolved": "https://registry.npmjs.org/ar-poncho/-/ar-poncho-2.0.4.tgz",
      "integrity": "sha512-dOD43tgLSwgsKTij+yLwrwSCDW7TK/mXXsElNAdUG/Xr5uRqW0ie0HVcbTpaf3kDiqRxQPFTF9n0Ee3MMS0oHQ=="
    }
  }
}
